
Microsoft Visual Studio Solution File, Format Version 12.00
Project("{FAE04EC0-301F-11D3-BF4B-00C04F79EFBC}") = "EmployeeManagement.Models", "EmployeeManagement.Models\EmployeeManagement.Models.csproj", "{E7639D24-1CBE-449B-9268-E8EFF5835AD7}"
EndProject
Project("{FAE04EC0-301F-11D3-BF4B-00C04F79EFBC}") = "EmployeeManagement.Web", "EmployeeManagement.Web\EmployeeManagement.Web.csproj", "{C61A03F5-244A-4722-85C9-59DA0299A853}"
EndProject
Project("{FAE04EC0-301F-11D3-BF4B-00C04F79EFBC}") = "EmployeeManagement.Api", "EmployeeManagement.Api\EmployeeManagement.Api.csproj", "{BADD08D5-06DB-4330-930C-9CE3F2A454F6}"
EndProject
Project("{FAE04EC0-301F-11D3-BF4B-00C04F79EFBC}") = "WebApplication1", "WebApplication1\WebApplication1.csproj", "{BBC07AFE-001A-4DCF-A2AC-F4310EF336E7}"
EndProject
Global
	GlobalSection(SolutionConfigurationPlatforms) = preSolution
		Debug|Any CPU = Debug|Any CPU
		Release|Any CPU = Release|Any CPU
	EndGlobalSection
	GlobalSection(ProjectConfigurationPlatforms) = postSolution
		{E7639D24-1CBE-449B-9268-E8EFF5835AD7}.Debug|Any CPU.ActiveCfg = Debug|Any CPU
		{E7639D24-1CBE-449B-9268-E8EFF5835AD7}.Debug|Any CPU.Build.0 = Debug|Any CPU
		{E7639D24-1CBE-449B-9268-E8EFF5835AD7}.Release|Any CPU.ActiveCfg = Release|Any CPU
		{E7639D24-1CBE-449B-9268-E8EFF5835AD7}.Release|Any CPU.Build.0 = Release|Any CPU
		{C61A03F5-244A-4722-85C9-59DA0299A853}.Debug|Any CPU.ActiveCfg = Debug|Any CPU
		{C61A03F5-244A-4722-85C9-59DA0299A853}.Debug|Any CPU.Build.0 = Debug|Any CPU
		{C61A03F5-244A-4722-85C9-59DA0299A853}.Release|Any CPU.ActiveCfg = Release|Any CPU
		{C61A03F5-244A-4722-85C9-59DA0299A853}.Release|Any CPU.Build.0 = Release|Any CPU
		{BADD08D5-06DB-4330-930C-9CE3F2A454F6}.Debug|Any CPU.ActiveCfg = Debug|Any CPU
		{BADD08D5-06DB-4330-930C-9CE3F2A454F6}.Debug|Any CPU.Build.0 = Debug|Any CPU
		{BADD08D5-06DB-4330-930C-9CE3F2A454F6}.Release|Any CPU.ActiveCfg = Release|Any CPU
		{BADD08D5-06DB-4330-930C-9CE3F2A454F6}.Release|Any CPU.Build.0 = Release|Any CPU
		{BBC07AFE-001A-4DCF-A2AC-F4310EF336E7}.Debug|Any CPU.ActiveCfg = Debug|Any CPU
		{BBC07AFE-001A-4DCF-A2AC-F4310EF336E7}.Debug|Any CPU.Build.0 = Debug|Any CPU
		{BBC07AFE-001A-4DCF-A2AC-F4310EF336E7}.Release|Any CPU.ActiveCfg = Release|Any CPU
		{BBC07AFE-001A-4DCF-A2AC-F4310EF336E7}.Release|Any CPU.Build.0 = Release|Any CPU
	EndGlobalSection
EndGlobal
